
Microsoft Visual Studio Solution File, Format Version 12.00
# Visual Studio Version 17
VisualStudioVersion = 17.11.35222.181
MinimumVisualStudioVersion = 10.0.40219.1
Project("{FAE04EC0-301F-11D3-BF4B-00C04F79EFBC}") = "http5125assignment1gabicatalan", "http5125assignment1gabicatalan\http5125assignment1gabicatalan.csproj", "{4A92C891-0205-4EDF-9551-E29F434F19F9}"
EndProject
Global
	GlobalSection(SolutionConfigurationPlatforms) = preSolution
		Debug|Any CPU = Debug|Any CPU
		Release|Any CPU = Release|Any CPU
	EndGlobalSection
	GlobalSection(ProjectConfigurationPlatforms) = postSolution
		{4A92C891-0205-4EDF-9551-E29F434F19F9}.Debug|Any CPU.ActiveCfg = Debug|Any CPU
		{4A92C891-0205-4EDF-9551-E29F434F19F9}.Debug|Any CPU.Build.0 = Debug|Any CPU
		{4A92C891-0205-4EDF-9551-E29F434F19F9}.Release|Any CPU.ActiveCfg = Release|Any CPU
		{4A92C891-0205-4EDF-9551-E29F434F19F9}.Release|Any CPU.Build.0 = Release|Any CPU
	EndGlobalSection
	GlobalSection(SolutionProperties) = preSolution
		HideSolutionNode = FALSE
	EndGlobalSection
	GlobalSection(ExtensibilityGlobals) = postSolution
		SolutionGuid = {64A40785-75CB-47A4-94A2-2033D7F19536}
	EndGlobalSection
EndGlobal
